{
  "nodes": {
    "eldritch": {
      "flake": false,
      "locked": {
        "lastModified": 1736978933,
        "narHash": "sha256-i0TG8yVRi1AZQS8ZOEXchYRxgU8UCNoHCmhOV8rBmX4=",
        "owner": "eldritch-theme",
        "repo": "eldritch.nvim",
        "rev": "adedead3423c58cc2e2ebf30001fe4055ad0e416",
        "type": "github"
      },
      "original": {
        "owner": "eldritch-theme",
        "repo": "eldritch.nvim",
        "type": "github"
      }
    },
    "everforest-lua": {
      "flake": false,
      "locked": {
        "lastModified": 1746546554,
        "narHash": "sha256-LMIGPDhKZVqriGuPR9ICVo55QdyByLXOoRK82KfsRxU=",
        "owner": "neanias",
        "repo": "everforest-nvim",
        "rev": "2eb7c348f880ba93de4d98cae049c9441f5d4d49",
        "type": "github"
      },
      "original": {
        "owner": "neanias",
        "repo": "everforest-nvim",
        "type": "github"
      }
    },
    "flake-parts": {
      "inputs": {
        "nixpkgs-lib": [
          "nixvim",
          "nixpkgs"
        ]
      },
      "locked": {
        "lastModified": 1749398372,
        "narHash": "sha256-tYBdgS56eXYaWVW3fsnPQ/nFlgWi/Z2Ymhyu21zVM98=",
        "owner": "hercules-ci",
        "repo": "flake-parts",
        "rev": "9305fe4e5c2a6fcf5ba6a3ff155720fbe4076569",
        "type": "github"
      },
      "original": {
        "owner": "hercules-ci",
        "repo": "flake-parts",
        "type": "github"
      }
    },
    "flake-utils": {
      "inputs": {
        "systems": "systems"
      },
      "locked": {
        "lastModified": 1731533236,
        "narHash": "sha256-l0KFg5HjrsfsO/JpG+r7fRrqm12kzFHyUHqHCVpMMbI=",
        "owner": "numtide",
        "repo": "flake-utils",
        "rev": "11707dc2f618dd54ca8739b309ec4fc024de578b",
        "type": "github"
      },
      "original": {
        "owner": "numtide",
        "repo": "flake-utils",
        "type": "github"
      }
    },
    "home-manager": {
      "inputs": {
        "nixpkgs": [
          "nixpkgs"
        ]
      },
      "locked": {
        "lastModified": 1749935160,
        "narHash": "sha256-lTLR7AyrrIS/b4frHKb5pw/gcPM0GgoGCURqeiOX9k8=",
        "owner": "nix-community",
        "repo": "home-manager",
        "rev": "8fabeb9c142a303e02270c3a3a0d8e00af9d0dfe",
        "type": "github"
      },
      "original": {
        "owner": "nix-community",
        "repo": "home-manager",
        "type": "github"
      }
    },
    "ixx": {
      "inputs": {
        "flake-utils": [
          "nixvim",
          "nuschtosSearch",
          "flake-utils"
        ],
        "nixpkgs": [
          "nixvim",
          "nuschtosSearch",
          "nixpkgs"
        ]
      },
      "locked": {
        "lastModified": 1748294338,
        "narHash": "sha256-FVO01jdmUNArzBS7NmaktLdGA5qA3lUMJ4B7a05Iynw=",
        "owner": "NuschtOS",
        "repo": "ixx",
        "rev": "cc5f390f7caf265461d4aab37e98d2292ebbdb85",
        "type": "github"
      },
      "original": {
        "owner": "NuschtOS",
        "ref": "v0.0.8",
        "repo": "ixx",
        "type": "github"
      }
    },
    "markdown": {
      "flake": false,
      "locked": {
        "lastModified": 1749846779,
        "narHash": "sha256-j1aslQ3SPD9ZuhQDEt9e5GD+VZ6N6Re7IjVFXycaxWI=",
        "owner": "MeanderingProgrammer",
        "repo": "markdown.nvim",
        "rev": "76f7ce56ccb913632745714f160faa53164c5574",
        "type": "github"
      },
      "original": {
        "owner": "MeanderingProgrammer",
        "repo": "markdown.nvim",
        "type": "github"
      }
    },
    "nixpkgs": {
      "locked": {
        "lastModified": 1749871736,
        "narHash": "sha256-K9yBph93OLTNw02Q6e9CYFGrUhvEXnh45vrZqIRWfvQ=",
        "owner": "NixOS",
        "repo": "nixpkgs",
        "rev": "6afe187897bef7933475e6af374c893f4c84a293",
        "type": "github"
      },
      "original": {
        "owner": "NixOS",
        "ref": "nixpkgs-unstable",
        "repo": "nixpkgs",
        "type": "github"
      }
    },
    "nixvim": {
      "inputs": {
        "flake-parts": "flake-parts",
        "nixpkgs": [
          "nixpkgs"
        ],
        "nuschtosSearch": "nuschtosSearch",
        "systems": "systems_2"
      },
      "locked": {
        "lastModified": 1749924512,
        "narHash": "sha256-IYv0yEFh86c+UnkcjrUAV0UeIE+9vMEeXDIF+YRlooc=",
        "owner": "nix-community",
        "repo": "nixvim",
        "rev": "e114d442b14f3a299307ca9b0f0eab20e821f419",
        "type": "github"
      },
      "original": {
        "owner": "nix-community",
        "repo": "nixvim",
        "type": "github"
      }
    },
    "nuschtosSearch": {
      "inputs": {
        "flake-utils": "flake-utils",
        "ixx": "ixx",
        "nixpkgs": [
          "nixvim",
          "nixpkgs"
        ]
      },
      "locked": {
        "lastModified": 1749730855,
        "narHash": "sha256-L3x2nSlFkXkM6tQPLJP3oCBMIsRifhIDPMQQdHO5xWo=",
        "owner": "NuschtOS",
        "repo": "search",
        "rev": "8dfe5879dd009ff4742b668d9c699bc4b9761742",
        "type": "github"
      },
      "original": {
        "owner": "NuschtOS",
        "repo": "search",
        "type": "github"
      }
    },
    "puffer-fish": {
      "flake": false,
      "locked": {
        "lastModified": 1709511829,
        "narHash": "sha256-2niYj0NLfmVIQguuGTA7RrPIcorJEPkxhH6Dhcy+6Bk=",
        "owner": "nickeb96",
        "repo": "puffer-fish",
        "rev": "12d062eae0ad24f4ec20593be845ac30cd4b5923",
        "type": "github"
      },
      "original": {
        "owner": "nickeb96",
        "repo": "puffer-fish",
        "type": "github"
      }
    },
    "root": {
      "inputs": {
        "eldritch": "eldritch",
        "everforest-lua": "everforest-lua",
        "home-manager": "home-manager",
        "markdown": "markdown",
        "nixpkgs": "nixpkgs",
        "nixvim": "nixvim",
        "puffer-fish": "puffer-fish",
        "simple-bar": "simple-bar"
      }
    },
    "simple-bar": {
      "flake": false,
      "locked": {
        "lastModified": 1749918485,
        "narHash": "sha256-gtUfAG8uaX6DWQslF0YE3g14fS4SkmTIuHPZSqLX3XQ=",
        "owner": "Jean-Tinland",
        "repo": "simple-bar",
        "rev": "74d09cfc684e839d407aee37ad7e2d5deebfcf72",
        "type": "github"
      },
      "original": {
        "owner": "Jean-Tinland",
        "repo": "simple-bar",
        "type": "github"
      }
    },
    "systems": {
      "locked": {
        "lastModified": 1681028828,
        "narHash": "sha256-Vy1rq5AaRuLzOxct8nz4T6wlgyUR7zLU309k9mBC768=",
        "owner": "nix-systems",
        "repo": "default",
        "rev": "da67096a3b9bf56a91d16901293e51ba5b49a27e",
        "type": "github"
      },
      "original": {
        "owner": "nix-systems",
        "repo": "default",
        "type": "github"
      }
    },
    "systems_2": {
      "locked": {
        "lastModified": 1681028828,
        "narHash": "sha256-Vy1rq5AaRuLzOxct8nz4T6wlgyUR7zLU309k9mBC768=",
        "owner": "nix-systems",
        "repo": "default",
        "rev": "da67096a3b9bf56a91d16901293e51ba5b49a27e",
        "type": "github"
      },
      "original": {
        "owner": "nix-systems",
        "repo": "default",
        "type": "github"
      }
    }
  },
  "root": "root",
  "version": 7
}
