{
  "nodes": {
    "darwin": {
      "inputs": {
        "nixpkgs": [
          "nixpkgs-unstable"
        ]
      },
      "locked": {
        "lastModified": 1668784520,
        "narHash": "sha256-gGgVAMwYPPmrfnvnoRi6OkEB5KRsNTb9uYzEceLdO/g=",
        "owner": "lnl7",
        "repo": "nix-darwin",
        "rev": "6349b99bc2b96ded34d068a88c7c5ced406b7f7f",
        "type": "github"
      },
      "original": {
        "owner": "lnl7",
        "ref": "master",
        "repo": "nix-darwin",
        "type": "github"
      }
    },
    "home-manager": {
      "inputs": {
        "nixpkgs": [
          "nixpkgs-unstable"
        ],
        "utils": "utils"
      },
      "locked": {
        "lastModified": 1669805139,
        "narHash": "sha256-ry0PkAAJg09tg5Y81sNJteiU7LsiIIgGk947Xa3hzkA=",
        "owner": "nix-community",
        "repo": "home-manager",
        "rev": "e38ce0ae16b68515c913ab50177bc7624f65f569",
        "type": "github"
      },
      "original": {
        "owner": "nix-community",
        "repo": "home-manager",
        "type": "github"
      }
    },
    "nixpkgs": {
      "locked": {
        "lastModified": 1669764884,
        "narHash": "sha256-1qWR/5+WtqxSedrFbUbM3zPMO7Ec2CGWaxtK4z4DdvY=",
        "owner": "nixos",
        "repo": "nixpkgs",
        "rev": "0244e143dc943bcf661fdaf581f01eb0f5000fcf",
        "type": "github"
      },
      "original": {
        "owner": "nixos",
        "ref": "nixpkgs-22.05-darwin",
        "repo": "nixpkgs",
        "type": "github"
      }
    },
    "nixpkgs-unstable": {
      "locked": {
        "lastModified": 1669750745,
        "narHash": "sha256-C9ZNizmMiuML40Imt79rCoiMt1O4aM6TCg/ME1Uu/Q8=",
        "owner": "NixOS",
        "repo": "nixpkgs",
        "rev": "19a6b85e8f8daca80e38418e96247cc499e2640e",
        "type": "github"
      },
      "original": {
        "owner": "NixOS",
        "ref": "nixpkgs-unstable",
        "repo": "nixpkgs",
        "type": "github"
      }
    },
    "root": {
      "inputs": {
        "darwin": "darwin",
        "home-manager": "home-manager",
        "nixpkgs": "nixpkgs",
        "nixpkgs-unstable": "nixpkgs-unstable"
      }
    },
    "utils": {
      "locked": {
        "lastModified": 1667395993,
        "narHash": "sha256-nuEHfE/LcWyuSWnS8t12N1wc105Qtau+/OdUAjtQ0rA=",
        "owner": "numtide",
        "repo": "flake-utils",
        "rev": "5aed5285a952e0b949eb3ba02c12fa4fcfef535f",
        "type": "github"
      },
      "original": {
        "owner": "numtide",
        "repo": "flake-utils",
        "type": "github"
      }
    }
  },
  "root": "root",
  "version": 7
}
